
Microsoft Visual Studio Solution File, Format Version 12.00
# Visual Studio Version 16
VisualStudioVersion = 16.0.32413.511
MinimumVisualStudioVersion = 10.0.40219.1
Project("{FAE04EC0-301F-11D3-BF4B-00C04F79EFBC}") = "Feladat11", "Feladat11\Feladat11.csproj", "{D4823252-2D6D-4833-8F1C-7F69FFE30357}"
EndProject
Project("{FAE04EC0-301F-11D3-BF4B-00C04F79EFBC}") = "Feladat2", "Feladat2\Feladat2.csproj", "{4779D1A2-5191-4F1E-808A-CC33E5B028C3}"
EndProject
Project("{9A19103F-16F7-4668-BE54-9A1E7A4F7556}") = "ciklusok17", "ciklusok17\ciklusok17.csproj", "{D6BB9AED-F330-41DB-AFD5-9F2EBE39316E}"
EndProject
Project("{9A19103F-16F7-4668-BE54-9A1E7A4F7556}") = "dowhile1", "dowhile1\dowhile1.csproj", "{F80C780D-5AA0-490C-96F7-47ED3D23747C}"
EndProject
Project("{9A19103F-16F7-4668-BE54-9A1E7A4F7556}") = "osszetettfeladat VI", "osszetettfeladat VI\osszetettfeladat VI.csproj", "{EB8F7BE9-261D-4265-B8A7-7EE18C536B75}"
EndProject
Project("{9A19103F-16F7-4668-BE54-9A1E7A4F7556}") = "motorkerékpár", "motorkerékpár\motorkerékpár.csproj", "{11262927-46E4-46F2-8087-FC41E9D3C1E2}"
EndProject
Project("{9A19103F-16F7-4668-BE54-9A1E7A4F7556}") = "sikidomok", "sikidomok\sikidomok.csproj", "{CDC72D4F-C894-430B-BB56-5BEB336F88F2}"
EndProject
Project("{FAE04EC0-301F-11D3-BF4B-00C04F79EFBC}") = "Gepjarmu", "Gepjarmu\Gepjarmu.csproj", "{D754BC1D-DDE0-4723-88EE-4E01594592E8}"
EndProject
Global
	GlobalSection(SolutionConfigurationPlatforms) = preSolution
		Debug|Any CPU = Debug|Any CPU
		Release|Any CPU = Release|Any CPU
	EndGlobalSection
	GlobalSection(ProjectConfigurationPlatforms) = postSolution
		{D4823252-2D6D-4833-8F1C-7F69FFE30357}.Debug|Any CPU.ActiveCfg = Debug|Any CPU
		{D4823252-2D6D-4833-8F1C-7F69FFE30357}.Debug|Any CPU.Build.0 = Debug|Any CPU
		{D4823252-2D6D-4833-8F1C-7F69FFE30357}.Release|Any CPU.ActiveCfg = Release|Any CPU
		{D4823252-2D6D-4833-8F1C-7F69FFE30357}.Release|Any CPU.Build.0 = Release|Any CPU
		{4779D1A2-5191-4F1E-808A-CC33E5B028C3}.Debug|Any CPU.ActiveCfg = Debug|Any CPU
		{4779D1A2-5191-4F1E-808A-CC33E5B028C3}.Debug|Any CPU.Build.0 = Debug|Any CPU
		{4779D1A2-5191-4F1E-808A-CC33E5B028C3}.Release|Any CPU.ActiveCfg = Release|Any CPU
		{4779D1A2-5191-4F1E-808A-CC33E5B028C3}.Release|Any CPU.Build.0 = Release|Any CPU
		{D6BB9AED-F330-41DB-AFD5-9F2EBE39316E}.Debug|Any CPU.ActiveCfg = Debug|Any CPU
		{D6BB9AED-F330-41DB-AFD5-9F2EBE39316E}.Debug|Any CPU.Build.0 = Debug|Any CPU
		{D6BB9AED-F330-41DB-AFD5-9F2EBE39316E}.Release|Any CPU.ActiveCfg = Release|Any CPU
		{D6BB9AED-F330-41DB-AFD5-9F2EBE39316E}.Release|Any CPU.Build.0 = Release|Any CPU
		{F80C780D-5AA0-490C-96F7-47ED3D23747C}.Debug|Any CPU.ActiveCfg = Debug|Any CPU
		{F80C780D-5AA0-490C-96F7-47ED3D23747C}.Debug|Any CPU.Build.0 = Debug|Any CPU
		{F80C780D-5AA0-490C-96F7-47ED3D23747C}.Release|Any CPU.ActiveCfg = Release|Any CPU
		{F80C780D-5AA0-490C-96F7-47ED3D23747C}.Release|Any CPU.Build.0 = Release|Any CPU
		{EB8F7BE9-261D-4265-B8A7-7EE18C536B75}.Debug|Any CPU.ActiveCfg = Debug|Any CPU
		{EB8F7BE9-261D-4265-B8A7-7EE18C536B75}.Debug|Any CPU.Build.0 = Debug|Any CPU
		{EB8F7BE9-261D-4265-B8A7-7EE18C536B75}.Release|Any CPU.ActiveCfg = Release|Any CPU
		{EB8F7BE9-261D-4265-B8A7-7EE18C536B75}.Release|Any CPU.Build.0 = Release|Any CPU
		{11262927-46E4-46F2-8087-FC41E9D3C1E2}.Debug|Any CPU.ActiveCfg = Debug|Any CPU
		{11262927-46E4-46F2-8087-FC41E9D3C1E2}.Debug|Any CPU.Build.0 = Debug|Any CPU
		{11262927-46E4-46F2-8087-FC41E9D3C1E2}.Release|Any CPU.ActiveCfg = Release|Any CPU
		{11262927-46E4-46F2-8087-FC41E9D3C1E2}.Release|Any CPU.Build.0 = Release|Any CPU
		{CDC72D4F-C894-430B-BB56-5BEB336F88F2}.Debug|Any CPU.ActiveCfg = Debug|Any CPU
		{CDC72D4F-C894-430B-BB56-5BEB336F88F2}.Debug|Any CPU.Build.0 = Debug|Any CPU
		{CDC72D4F-C894-430B-BB56-5BEB336F88F2}.Release|Any CPU.ActiveCfg = Release|Any CPU
		{CDC72D4F-C894-430B-BB56-5BEB336F88F2}.Release|Any CPU.Build.0 = Release|Any CPU
		{D754BC1D-DDE0-4723-88EE-4E01594592E8}.Debug|Any CPU.ActiveCfg = Debug|Any CPU
		{D754BC1D-DDE0-4723-88EE-4E01594592E8}.Debug|Any CPU.Build.0 = Debug|Any CPU
		{D754BC1D-DDE0-4723-88EE-4E01594592E8}.Release|Any CPU.ActiveCfg = Release|Any CPU
		{D754BC1D-DDE0-4723-88EE-4E01594592E8}.Release|Any CPU.Build.0 = Release|Any CPU
	EndGlobalSection
	GlobalSection(SolutionProperties) = preSolution
		HideSolutionNode = FALSE
	EndGlobalSection
	GlobalSection(ExtensibilityGlobals) = postSolution
		SolutionGuid = {99CEE557-8E37-4913-9B82-82E07D0E4F86}
	EndGlobalSection
EndGlobal
