
Microsoft Visual Studio Solution File, Format Version 12.00
# Visual Studio Version 17
VisualStudioVersion = 17.3.32929.385
MinimumVisualStudioVersion = 10.0.40219.1
Project("{9A19103F-16F7-4668-BE54-9A1E7A4F7556}") = "Vehicle.Data", "Auto.Data\Vehicle.Data.csproj", "{4185DBEE-D58D-4EC0-ACC9-E0B51AB2BF63}"
EndProject
Project("{9A19103F-16F7-4668-BE54-9A1E7A4F7556}") = "Vehicle.Ui", "Auto.Ui\Vehicle.Ui.csproj", "{803796D4-32F8-4C44-A463-2F66863E9FBE}"
EndProject
Global
	GlobalSection(SolutionConfigurationPlatforms) = preSolution
		Debug|Any CPU = Debug|Any CPU
		Release|Any CPU = Release|Any CPU
	EndGlobalSection
	GlobalSection(ProjectConfigurationPlatforms) = postSolution
		{4185DBEE-D58D-4EC0-ACC9-E0B51AB2BF63}.Debug|Any CPU.ActiveCfg = Debug|Any CPU
		{4185DBEE-D58D-4EC0-ACC9-E0B51AB2BF63}.Debug|Any CPU.Build.0 = Debug|Any CPU
		{4185DBEE-D58D-4EC0-ACC9-E0B51AB2BF63}.Release|Any CPU.ActiveCfg = Release|Any CPU
		{4185DBEE-D58D-4EC0-ACC9-E0B51AB2BF63}.Release|Any CPU.Build.0 = Release|Any CPU
		{803796D4-32F8-4C44-A463-2F66863E9FBE}.Debug|Any CPU.ActiveCfg = Debug|Any CPU
		{803796D4-32F8-4C44-A463-2F66863E9FBE}.Debug|Any CPU.Build.0 = Debug|Any CPU
		{803796D4-32F8-4C44-A463-2F66863E9FBE}.Release|Any CPU.ActiveCfg = Release|Any CPU
		{803796D4-32F8-4C44-A463-2F66863E9FBE}.Release|Any CPU.Build.0 = Release|Any CPU
	EndGlobalSection
	GlobalSection(SolutionProperties) = preSolution
		HideSolutionNode = FALSE
	EndGlobalSection
	GlobalSection(ExtensibilityGlobals) = postSolution
		SolutionGuid = {C224D6BD-6FD7-476A-84F1-E24F63F5DE4C}
	EndGlobalSection
EndGlobal
